
Microsoft Visual Studio Solution File, Format Version 12.00
# Visual Studio Version 16
VisualStudioVersion = 16.0.31829.152
MinimumVisualStudioVersion = 10.0.40219.1
Project("{FAE04EC0-301F-11D3-BF4B-00C04F79EFBC}") = "MAT.Atlas.Plugins.HelloRecorder", "MAT.Atlas.Plugins.HelloRecorder\MAT.Atlas.Plugins.HelloRecorder.csproj", "{F31FE654-054C-49EE-9CF5-D86AB9FEE4A0}"
EndProject
Project("{2150E333-8FDC-42A3-9474-1A3956D46DE8}") = "Solution Items", "Solution Items", "{B49C9DF4-8C81-44CB-BB8E-7A8A3E0AF51E}"
	ProjectSection(SolutionItems) = preProject
		README.md = README.md
	EndProjectSection
EndProject
Global
	GlobalSection(SolutionConfigurationPlatforms) = preSolution
		Debug|Any CPU = Debug|Any CPU
		Release|Any CPU = Release|Any CPU
	EndGlobalSection
	GlobalSection(ProjectConfigurationPlatforms) = postSolution
		{F31FE654-054C-49EE-9CF5-D86AB9FEE4A0}.Debug|Any CPU.ActiveCfg = Debug|Any CPU
		{F31FE654-054C-49EE-9CF5-D86AB9FEE4A0}.Debug|Any CPU.Build.0 = Debug|Any CPU
		{F31FE654-054C-49EE-9CF5-D86AB9FEE4A0}.Release|Any CPU.ActiveCfg = Release|Any CPU
		{F31FE654-054C-49EE-9CF5-D86AB9FEE4A0}.Release|Any CPU.Build.0 = Release|Any CPU
	EndGlobalSection
	GlobalSection(SolutionProperties) = preSolution
		HideSolutionNode = FALSE
	EndGlobalSection
	GlobalSection(ExtensibilityGlobals) = postSolution
		SolutionGuid = {A6533C80-8329-43E4-A52F-C5A792DE553D}
	EndGlobalSection
EndGlobal
